
Microsoft Visual Studio Solution File, Format Version 12.00
# Visual Studio Version 17
VisualStudioVersion = 17.8.34330.188
MinimumVisualStudioVersion = 10.0.40219.1
Project("{FAE04EC0-301F-11D3-BF4B-00C04F79EFBC}") = "Cab.Web", "Cab.Web\Cab.Web.csproj", "{C2F17AB3-B919-4C42-8C0C-7C025D5F861E}"
EndProject
Project("{FAE04EC0-301F-11D3-BF4B-00C04F79EFBC}") = "Cab.Core", "Cab.Core\Cab.Core.csproj", "{CB92156E-F0B7-450E-BCB0-33D59081D13F}"
EndProject
Project("{FAE04EC0-301F-11D3-BF4B-00C04F79EFBC}") = "Cab.Service", "Cab.Service\Cab.Service.csproj", "{A0DFEF87-C1E1-4968-81BB-BA1AC2CED1DE}"
EndProject
Project("{FAE04EC0-301F-11D3-BF4B-00C04F79EFBC}") = "Cab.Infrastructure", "Cab.Infrastructure\Cab.Infrastructure.csproj", "{73C61C10-5711-47F1-99F1-1276DF6F7ABB}"
EndProject
Global
	GlobalSection(SolutionConfigurationPlatforms) = preSolution
		Debug|Any CPU = Debug|Any CPU
		Release|Any CPU = Release|Any CPU
	EndGlobalSection
	GlobalSection(ProjectConfigurationPlatforms) = postSolution
		{C2F17AB3-B919-4C42-8C0C-7C025D5F861E}.Debug|Any CPU.ActiveCfg = Debug|Any CPU
		{C2F17AB3-B919-4C42-8C0C-7C025D5F861E}.Debug|Any CPU.Build.0 = Debug|Any CPU
		{C2F17AB3-B919-4C42-8C0C-7C025D5F861E}.Release|Any CPU.ActiveCfg = Release|Any CPU
		{C2F17AB3-B919-4C42-8C0C-7C025D5F861E}.Release|Any CPU.Build.0 = Release|Any CPU
		{CB92156E-F0B7-450E-BCB0-33D59081D13F}.Debug|Any CPU.ActiveCfg = Debug|Any CPU
		{CB92156E-F0B7-450E-BCB0-33D59081D13F}.Debug|Any CPU.Build.0 = Debug|Any CPU
		{CB92156E-F0B7-450E-BCB0-33D59081D13F}.Release|Any CPU.ActiveCfg = Release|Any CPU
		{CB92156E-F0B7-450E-BCB0-33D59081D13F}.Release|Any CPU.Build.0 = Release|Any CPU
		{A0DFEF87-C1E1-4968-81BB-BA1AC2CED1DE}.Debug|Any CPU.ActiveCfg = Debug|Any CPU
		{A0DFEF87-C1E1-4968-81BB-BA1AC2CED1DE}.Debug|Any CPU.Build.0 = Debug|Any CPU
		{A0DFEF87-C1E1-4968-81BB-BA1AC2CED1DE}.Release|Any CPU.ActiveCfg = Release|Any CPU
		{A0DFEF87-C1E1-4968-81BB-BA1AC2CED1DE}.Release|Any CPU.Build.0 = Release|Any CPU
		{73C61C10-5711-47F1-99F1-1276DF6F7ABB}.Debug|Any CPU.ActiveCfg = Debug|Any CPU
		{73C61C10-5711-47F1-99F1-1276DF6F7ABB}.Debug|Any CPU.Build.0 = Debug|Any CPU
		{73C61C10-5711-47F1-99F1-1276DF6F7ABB}.Release|Any CPU.ActiveCfg = Release|Any CPU
		{73C61C10-5711-47F1-99F1-1276DF6F7ABB}.Release|Any CPU.Build.0 = Release|Any CPU
	EndGlobalSection
	GlobalSection(SolutionProperties) = preSolution
		HideSolutionNode = FALSE
	EndGlobalSection
	GlobalSection(ExtensibilityGlobals) = postSolution
		SolutionGuid = {0BD296AE-7A93-4FC4-9F8E-A8E64596E6A6}
	EndGlobalSection
EndGlobal
